{
  "name": "wasm-pack-hello-world",
  "version": "1.0.0",
  "lockfileVersion": 3,
  "requires": true,
  "packages": {
    "": {
      "name": "wasm-pack-hello-world",
      "version": "1.0.0",
      "license": "ISC",
      "dependencies": {
        "wasm-pack-hello-world": "file:pkg"
      }
    },
    "node_modules/wasm-pack-hello-world": {
      "resolved": "pkg",
      "link": true
    },
    "pkg": {
      "name": "wasm-pack-hello-world",
      "version": "0.1.0"
    }
  }
}
